
Microsoft Visual Studio Solution File, Format Version 12.00
# Visual Studio Version 17
VisualStudioVersion = 17.1.32228.430
MinimumVisualStudioVersion = 10.0.40219.1
Project("{FAE04EC0-301F-11D3-BF4B-00C04F79EFBC}") = "Vjezba1", "Vjezba1\Vjezba1.csproj", "{2777A70D-8BB2-4365-83B4-528C4262C773}"
EndProject
Global
	GlobalSection(SolutionConfigurationPlatforms) = preSolution
		Debug|Any CPU = Debug|Any CPU
		Release|Any CPU = Release|Any CPU
	EndGlobalSection
	GlobalSection(ProjectConfigurationPlatforms) = postSolution
		{2777A70D-8BB2-4365-83B4-528C4262C773}.Debug|Any CPU.ActiveCfg = Debug|Any CPU
		{2777A70D-8BB2-4365-83B4-528C4262C773}.Debug|Any CPU.Build.0 = Debug|Any CPU
		{2777A70D-8BB2-4365-83B4-528C4262C773}.Release|Any CPU.ActiveCfg = Release|Any CPU
		{2777A70D-8BB2-4365-83B4-528C4262C773}.Release|Any CPU.Build.0 = Release|Any CPU
	EndGlobalSection
	GlobalSection(SolutionProperties) = preSolution
		HideSolutionNode = FALSE
	EndGlobalSection
	GlobalSection(ExtensibilityGlobals) = postSolution
		SolutionGuid = {3E8026B7-FBE3-4153-90FC-A0A25FF07C2F}
	EndGlobalSection
EndGlobal
